
Microsoft Visual Studio Solution File, Format Version 12.00
# Visual Studio 15
VisualStudioVersion = 15.0.26127.0
MinimumVisualStudioVersion = 10.0.40219.1
Project("{FAE04EC0-301F-11D3-BF4B-00C04F79EFBC}") = "PublisherLib", "PublisherLib\PublisherLib.csproj", "{D78E3406-CD24-4E95-83AC-C1519C770D47}"
EndProject
Project("{FAE04EC0-301F-11D3-BF4B-00C04F79EFBC}") = "ConsoleWare", "ConsoleWare\ConsoleWare.csproj", "{910664D1-8427-46CF-86D0-164654153B04}"
EndProject
Global
	GlobalSection(SolutionConfigurationPlatforms) = preSolution
		Debug|Any CPU = Debug|Any CPU
		Release|Any CPU = Release|Any CPU
	EndGlobalSection
	GlobalSection(ProjectConfigurationPlatforms) = postSolution
		{D78E3406-CD24-4E95-83AC-C1519C770D47}.Debug|Any CPU.ActiveCfg = Debug|Any CPU
		{D78E3406-CD24-4E95-83AC-C1519C770D47}.Debug|Any CPU.Build.0 = Debug|Any CPU
		{D78E3406-CD24-4E95-83AC-C1519C770D47}.Release|Any CPU.ActiveCfg = Release|Any CPU
		{D78E3406-CD24-4E95-83AC-C1519C770D47}.Release|Any CPU.Build.0 = Release|Any CPU
		{910664D1-8427-46CF-86D0-164654153B04}.Debug|Any CPU.ActiveCfg = Debug|Any CPU
		{910664D1-8427-46CF-86D0-164654153B04}.Debug|Any CPU.Build.0 = Debug|Any CPU
		{910664D1-8427-46CF-86D0-164654153B04}.Release|Any CPU.ActiveCfg = Release|Any CPU
		{910664D1-8427-46CF-86D0-164654153B04}.Release|Any CPU.Build.0 = Release|Any CPU
	EndGlobalSection
	GlobalSection(SolutionProperties) = preSolution
		HideSolutionNode = FALSE
	EndGlobalSection
EndGlobal
